// !$*UTF8*$!
{
	archiveVersion = 1;
	classes = {
	};
	objectVersion = 46;
	objects = {

/* Begin PBXBuildFile section */
		0E4003EE1F309DE9003671F1 /* JsonPlacesParser.swift in Sources */ = {isa = PBXBuildFile; fileRef = 0E4003EC1F309DE9003671F1 /* JsonPlacesParser.swift */; };
		0E4003F21F309DF4003671F1 /* Place.swift in Sources */ = {isa = PBXBuildFile; fileRef = 0E4003F01F309DF4003671F1 /* Place.swift */; };
		0E4003F31F309DF4003671F1 /* Review.swift in Sources */ = {isa = PBXBuildFile; fileRef = 0E4003F11F309DF4003671F1 /* Review.swift */; };
		0E4003F51F30B0D3003671F1 /* PlaceCell.swift in Sources */ = {isa = PBXBuildFile; fileRef = 0E4003F41F30B0D3003671F1 /* PlaceCell.swift */; };
		0E4003F71F30B394003671F1 /* PlaceViewController.swift in Sources */ = {isa = PBXBuildFile; fileRef = 0E4003F61F30B394003671F1 /* PlaceViewController.swift */; };
		0E5DE1E41F3217780045305D /* ImageManager.swift in Sources */ = {isa = PBXBuildFile; fileRef = 0E5DE1E31F3217780045305D /* ImageManager.swift */; };
		0E7D4ADB1F417B3A00C6E38D /* ExtensionForPlacesCoreData.swift in Sources */ = {isa = PBXBuildFile; fileRef = 0E7D4ADA1F417B3A00C6E38D /* ExtensionForPlacesCoreData.swift */; };
		0E8B3BC01F2F2CA3001FFC73 /* AppDelegate.swift in Sources */ = {isa = PBXBuildFile; fileRef = 0E8B3BBF1F2F2CA3001FFC73 /* AppDelegate.swift */; };
		0E8B3BC21F2F2CA3001FFC73 /* DashboardController.swift in Sources */ = {isa = PBXBuildFile; fileRef = 0E8B3BC11F2F2CA3001FFC73 /* DashboardController.swift */; };
		0E8B3BC51F2F2CA3001FFC73 /* Main.storyboard in Resources */ = {isa = PBXBuildFile; fileRef = 0E8B3BC31F2F2CA3001FFC73 /* Main.storyboard */; };
		0E8B3BC81F2F2CA3001FFC73 /* iTourist.xcdatamodeld in Sources */ = {isa = PBXBuildFile; fileRef = 0E8B3BC61F2F2CA3001FFC73 /* iTourist.xcdatamodeld */; };
		0E8B3BCA1F2F2CA3001FFC73 /* Assets.xcassets in Resources */ = {isa = PBXBuildFile; fileRef = 0E8B3BC91F2F2CA3001FFC73 /* Assets.xcassets */; };
		0E8B3BCD1F2F2CA3001FFC73 /* LaunchScreen.storyboard in Resources */ = {isa = PBXBuildFile; fileRef = 0E8B3BCB1F2F2CA3001FFC73 /* LaunchScreen.storyboard */; };
		0EBDA8681F3DA2EE00BA9422 /* RequestFormatter.swift in Sources */ = {isa = PBXBuildFile; fileRef = 0EBDA8671F3DA2EE00BA9422 /* RequestFormatter.swift */; };
		0ED851061F3C433200A200A4 /* AppModel.swift in Sources */ = {isa = PBXBuildFile; fileRef = 0ED850FB1F3C433200A200A4 /* AppModel.swift */; };
		0ED851071F3C433200A200A4 /* Cacher.swift in Sources */ = {isa = PBXBuildFile; fileRef = 0ED850FC1F3C433200A200A4 /* Cacher.swift */; };
		0ED851081F3C433200A200A4 /* Constants.swift in Sources */ = {isa = PBXBuildFile; fileRef = 0ED850FD1F3C433200A200A4 /* Constants.swift */; };
		0ED851091F3C433200A200A4 /* CoordinateConverter.swift in Sources */ = {isa = PBXBuildFile; fileRef = 0ED850FE1F3C433200A200A4 /* CoordinateConverter.swift */; };
		0ED8510A1F3C433200A200A4 /* DataConverter.swift in Sources */ = {isa = PBXBuildFile; fileRef = 0ED850FF1F3C433200A200A4 /* DataConverter.swift */; };
		0ED8510B1F3C433200A200A4 /* DataProvider.swift in Sources */ = {isa = PBXBuildFile; fileRef = 0ED851001F3C433200A200A4 /* DataProvider.swift */; };
		0ED8510C1F3C433200A200A4 /* Loader.swift in Sources */ = {isa = PBXBuildFile; fileRef = 0ED851011F3C433200A200A4 /* Loader.swift */; };
		0ED8510D1F3C433200A200A4 /* LocationManager.swift in Sources */ = {isa = PBXBuildFile; fileRef = 0ED851021F3C433200A200A4 /* LocationManager.swift */; };
		0ED851101F3C433200A200A4 /* PlacesList.swift in Sources */ = {isa = PBXBuildFile; fileRef = 0ED851051F3C433200A200A4 /* PlacesList.swift */; };
		0ED851121F3C537000A200A4 /* UrlFormatter.swift in Sources */ = {isa = PBXBuildFile; fileRef = 0ED851111F3C537000A200A4 /* UrlFormatter.swift */; };
		0ED851141F3C77C300A200A4 /* AttributesEnums.swift in Sources */ = {isa = PBXBuildFile; fileRef = 0ED851131F3C77C300A200A4 /* AttributesEnums.swift */; };
		0EE83E351F39C3D300C5662A /* RoundButton.swift in Sources */ = {isa = PBXBuildFile; fileRef = 0EE83E341F39C3D300C5662A /* RoundButton.swift */; };
		152AFA1C1F4385B900201D5A /* UserCoreDataTests.swift in Sources */ = {isa = PBXBuildFile; fileRef = 152AFA1B1F4385B900201D5A /* UserCoreDataTests.swift */; };
		1542E1731F4305AD008A92DF /* ProfileStruct.swift in Sources */ = {isa = PBXBuildFile; fileRef = 1542E1721F4305AD008A92DF /* ProfileStruct.swift */; };
		1542E1751F43063C008A92DF /* UserCoreData.swift in Sources */ = {isa = PBXBuildFile; fileRef = 1542E1741F43063C008A92DF /* UserCoreData.swift */; };
		159552B41F46EEEA00EEC19B /* DashboardSettingIcon.swift in Sources */ = {isa = PBXBuildFile; fileRef = 159552B31F46EEEA00EEC19B /* DashboardSettingIcon.swift */; };
		15DF4C9E1F4046E700C68EEB /* PlaceCoreData.swift in Sources */ = {isa = PBXBuildFile; fileRef = 15DF4C9D1F4046E700C68EEB /* PlaceCoreData.swift */; };
		15DF4CA81F404C3B00C68EEB /* iTouristTests.swift in Sources */ = {isa = PBXBuildFile; fileRef = 15DF4CA71F404C3B00C68EEB /* iTouristTests.swift */; };
		15DF4CAF1F404CBF00C68EEB /* PlaceCoreDataTest.swift in Sources */ = {isa = PBXBuildFile; fileRef = 15DF4C9F1F404C2500C68EEB /* PlaceCoreDataTest.swift */; };
		202898B31F331FBA00F136BB /* Profile.storyboard in Resources */ = {isa = PBXBuildFile; fileRef = 202898B11F331FBA00F136BB /* Profile.storyboard */; };
		202898DE1F333BB400F136BB /* ProfileViewController.swift in Sources */ = {isa = PBXBuildFile; fileRef = 202898DD1F333BB400F136BB /* ProfileViewController.swift */; };
		202898E11F333EE700F136BB /* Weather.storyboard in Resources */ = {isa = PBXBuildFile; fileRef = 202898DF1F333EE700F136BB /* Weather.storyboard */; };
		202898E31F333FBB00F136BB /* WeatherViewController.swift in Sources */ = {isa = PBXBuildFile; fileRef = 202898E21F333FBB00F136BB /* WeatherViewController.swift */; };
		202898E61F3341EF00F136BB /* Settings.storyboard in Resources */ = {isa = PBXBuildFile; fileRef = 202898E41F3341EF00F136BB /* Settings.storyboard */; };
		202898E81F33428B00F136BB /* SettingsViewController.swift in Sources */ = {isa = PBXBuildFile; fileRef = 202898E71F33428B00F136BB /* SettingsViewController.swift */; };
		20751DDF1F38E60500E4A25A /* PlacesPageController.swift in Sources */ = {isa = PBXBuildFile; fileRef = 20751DDE1F38E60500E4A25A /* PlacesPageController.swift */; };
		20751DE11F38FE9F00E4A25A /* ImageViewController.swift in Sources */ = {isa = PBXBuildFile; fileRef = 20751DE01F38FE9F00E4A25A /* ImageViewController.swift */; };
		20A21D8B1F2F876C000AC57A /* Map.storyboard in Resources */ = {isa = PBXBuildFile; fileRef = 20A21D891F2F876C000AC57A /* Map.storyboard */; };
		20A5BBAD1F307DF1006E43B9 /* PlacesTypeTableViewController.swift in Sources */ = {isa = PBXBuildFile; fileRef = 20A5BBAC1F307DF1006E43B9 /* PlacesTypeTableViewController.swift */; };
		20A5BBB01F307E3D006E43B9 /* PlacesType.storyboard in Resources */ = {isa = PBXBuildFile; fileRef = 20A5BBAE1F307E3D006E43B9 /* PlacesType.storyboard */; };
		20A5BBB21F307F95006E43B9 /* MapViewController.swift in Sources */ = {isa = PBXBuildFile; fileRef = 20A5BBB11F307F95006E43B9 /* MapViewController.swift */; };
		20C113E31F3CA7A5009BE8AD /* PlaceProfileViewController.swift in Sources */ = {isa = PBXBuildFile; fileRef = 20C113E21F3CA7A5009BE8AD /* PlaceProfileViewController.swift */; };
		20C5C4D91F41DAE3009556A2 /* FeedbacksViewController.swift in Sources */ = {isa = PBXBuildFile; fileRef = 20C5C4D81F41DAE3009556A2 /* FeedbacksViewController.swift */; };
		20C9FB4B1F430A8500EBE738 /* FeedbackCell.swift in Sources */ = {isa = PBXBuildFile; fileRef = 20C9FB4A1F430A8500EBE738 /* FeedbackCell.swift */; };
		20C9FB4D1F430CF200EBE738 /* FeedbackTableViewController.swift in Sources */ = {isa = PBXBuildFile; fileRef = 20C9FB4C1F430CF200EBE738 /* FeedbackTableViewController.swift */; };
		611104221F4420D500E221BC /* LogInViewController.swift in Sources */ = {isa = PBXBuildFile; fileRef = 611104211F4420D500E221BC /* LogInViewController.swift */; };
		618661AA1F45FDD3000F737C /* CustomizableScrollView.swift in Sources */ = {isa = PBXBuildFile; fileRef = 618661A91F45FDD3000F737C /* CustomizableScrollView.swift */; };
		61F7E7431F41DDF100B088B3 /* SignUpViewController.swift in Sources */ = {isa = PBXBuildFile; fileRef = 61F7E7421F41DDF100B088B3 /* SignUpViewController.swift */; };
		A956FA451F436ECF00062CD1 /* ImageStore.swift in Sources */ = {isa = PBXBuildFile; fileRef = A956FA441F436ECF00062CD1 /* ImageStore.swift */; };
		B204E4941F3A14A300454978 /* bar.png in Resources */ = {isa = PBXBuildFile; fileRef = B204E4841F3A14A300454978 /* bar.png */; };
		B204E4951F3A14A300454978 /* cafe.png in Resources */ = {isa = PBXBuildFile; fileRef = B204E4851F3A14A300454978 /* cafe.png */; };
		B204E4961F3A14A300454978 /* cemetery.png in Resources */ = {isa = PBXBuildFile; fileRef = B204E4861F3A14A300454978 /* cemetery.png */; };
		B204E4971F3A14A300454978 /* church.png in Resources */ = {isa = PBXBuildFile; fileRef = B204E4871F3A14A300454978 /* church.png */; };
		B204E4981F3A14A300454978 /* electronics_store.png in Resources */ = {isa = PBXBuildFile; fileRef = B204E4881F3A14A300454978 /* electronics_store.png */; };
		B204E4991F3A14A300454978 /* food.png in Resources */ = {isa = PBXBuildFile; fileRef = B204E4891F3A14A300454978 /* food.png */; };
		B204E49A1F3A14A300454978 /* grocery_or_supermarket.png in Resources */ = {isa = PBXBuildFile; fileRef = B204E48A1F3A14A300454978 /* grocery_or_supermarket.png */; };
		B204E49B1F3A14A300454978 /* lodging.png in Resources */ = {isa = PBXBuildFile; fileRef = B204E48B1F3A14A300454978 /* lodging.png */; };
		B204E49C1F3A14A300454978 /* night_club.png in Resources */ = {isa = PBXBuildFile; fileRef = B204E48C1F3A14A300454978 /* night_club.png */; };
		B204E49D1F3A14A300454978 /* park.png in Resources */ = {isa = PBXBuildFile; fileRef = B204E48D1F3A14A300454978 /* park.png */; };
		B204E49E1F3A14A300454978 /* pharmacy.png in Resources */ = {isa = PBXBuildFile; fileRef = B204E48E1F3A14A300454978 /* pharmacy.png */; };
		B204E49F1F3A14A300454978 /* restaurant.png in Resources */ = {isa = PBXBuildFile; fileRef = B204E48F1F3A14A300454978 /* restaurant.png */; };
		B204E4A01F3A14A300454978 /* school.png in Resources */ = {isa = PBXBuildFile; fileRef = B204E4901F3A14A300454978 /* school.png */; };
		B204E4A11F3A14A300454978 /* shopping_mall.png in Resources */ = {isa = PBXBuildFile; fileRef = B204E4911F3A14A300454978 /* shopping_mall.png */; };
		B204E4A21F3A14A300454978 /* store.png in Resources */ = {isa = PBXBuildFile; fileRef = B204E4921F3A14A300454978 /* store.png */; };
		B204E4A31F3A14A300454978 /* university.png in Resources */ = {isa = PBXBuildFile; fileRef = B204E4931F3A14A300454978 /* university.png */; };
		B204E4A61F3A14DB00454978 /* RouteCalculatingMethods.swift in Sources */ = {isa = PBXBuildFile; fileRef = B204E4A51F3A14DB00454978 /* RouteCalculatingMethods.swift */; };
		B204E4A81F3A150600454978 /* PlaceAnnotation.swift in Sources */ = {isa = PBXBuildFile; fileRef = B204E4A71F3A150600454978 /* PlaceAnnotation.swift */; };
		B204E4AA1F3A152500454978 /* MVDelegateMethods.swift in Sources */ = {isa = PBXBuildFile; fileRef = B204E4A91F3A152500454978 /* MVDelegateMethods.swift */; };
		B204E4AC1F3A153400454978 /* CLDelegateMethods.swift in Sources */ = {isa = PBXBuildFile; fileRef = B204E4AB1F3A153400454978 /* CLDelegateMethods.swift */; };
		B23B2D831F419D2300187090 /* MapFrameConverter.swift in Sources */ = {isa = PBXBuildFile; fileRef = B23B2D821F419D2300187090 /* MapFrameConverter.swift */; };
		B23FA2DD1F38B48F0046DED1 /* pin.png in Resources */ = {isa = PBXBuildFile; fileRef = B23FA2DC1F38B48F0046DED1 /* pin.png */; };
		E72EBBB21F34A107003D7357 /* Forecast.swift in Sources */ = {isa = PBXBuildFile; fileRef = E72EBBB11F34A107003D7357 /* Forecast.swift */; };
		E72EBBB41F34A2DF003D7357 /* WeatherParse.swift in Sources */ = {isa = PBXBuildFile; fileRef = E72EBBB31F34A2DF003D7357 /* WeatherParse.swift */; };
		E7B763FC1F3C82E200B23AEA /* WeatherCell.swift in Sources */ = {isa = PBXBuildFile; fileRef = E7B763FB1F3C82E200B23AEA /* WeatherCell.swift */; };
/* End PBXBuildFile section */

/* Begin PBXContainerItemProxy section */
		15DF4CAA1F404C3B00C68EEB /* PBXContainerItemProxy */ = {
			isa = PBXContainerItemProxy;
			containerPortal = 0E8B3BB41F2F2CA3001FFC73 /* Project object */;
			proxyType = 1;
			remoteGlobalIDString = 0E8B3BBB1F2F2CA3001FFC73;
			remoteInfo = iTourist;
		};
/* End PBXContainerItemProxy section */

/* Begin PBXFileReference section */
		0E4003EC1F309DE9003671F1 /* JsonPlacesParser.swift */ = {isa = PBXFileReference; fileEncoding = 4; lastKnownFileType = sourcecode.swift; path = JsonPlacesParser.swift; sourceTree = "<group>"; };
		0E4003F01F309DF4003671F1 /* Place.swift */ = {isa = PBXFileReference; fileEncoding = 4; lastKnownFileType = sourcecode.swift; path = Place.swift; sourceTree = "<group>"; };
		0E4003F11F309DF4003671F1 /* Review.swift */ = {isa = PBXFileReference; fileEncoding = 4; lastKnownFileType = sourcecode.swift; path = Review.swift; sourceTree = "<group>"; };
		0E4003F41F30B0D3003671F1 /* PlaceCell.swift */ = {isa = PBXFileReference; fileEncoding = 4; lastKnownFileType = sourcecode.swift; path = PlaceCell.swift; sourceTree = "<group>"; };
		0E4003F61F30B394003671F1 /* PlaceViewController.swift */ = {isa = PBXFileReference; fileEncoding = 4; lastKnownFileType = sourcecode.swift; path = PlaceViewController.swift; sourceTree = "<group>"; };
		0E5DE1E31F3217780045305D /* ImageManager.swift */ = {isa = PBXFileReference; fileEncoding = 4; lastKnownFileType = sourcecode.swift; path = ImageManager.swift; sourceTree = "<group>"; };
		0E7D4ADA1F417B3A00C6E38D /* ExtensionForPlacesCoreData.swift */ = {isa = PBXFileReference; fileEncoding = 4; lastKnownFileType = sourcecode.swift; path = ExtensionForPlacesCoreData.swift; sourceTree = "<group>"; };
		0E8B3BBC1F2F2CA3001FFC73 /* iTourist.app */ = {isa = PBXFileReference; explicitFileType = wrapper.application; includeInIndex = 0; path = iTourist.app; sourceTree = BUILT_PRODUCTS_DIR; };
		0E8B3BBF1F2F2CA3001FFC73 /* AppDelegate.swift */ = {isa = PBXFileReference; lastKnownFileType = sourcecode.swift; path = AppDelegate.swift; sourceTree = "<group>"; };
		0E8B3BC11F2F2CA3001FFC73 /* DashboardController.swift */ = {isa = PBXFileReference; lastKnownFileType = sourcecode.swift; path = DashboardController.swift; sourceTree = "<group>"; };
		0E8B3BC41F2F2CA3001FFC73 /* Base */ = {isa = PBXFileReference; lastKnownFileType = file.storyboard; name = Base; path = Base.lproj/Main.storyboard; sourceTree = "<group>"; };
		0E8B3BC71F2F2CA3001FFC73 /* iTourist.xcdatamodel */ = {isa = PBXFileReference; lastKnownFileType = wrapper.xcdatamodel; path = iTourist.xcdatamodel; sourceTree = "<group>"; };
		0E8B3BC91F2F2CA3001FFC73 /* Assets.xcassets */ = {isa = PBXFileReference; lastKnownFileType = folder.assetcatalog; path = Assets.xcassets; sourceTree = "<group>"; };
		0E8B3BCC1F2F2CA3001FFC73 /* Base */ = {isa = PBXFileReference; lastKnownFileType = file.storyboard; name = Base; path = Base.lproj/LaunchScreen.storyboard; sourceTree = "<group>"; };
		0E8B3BCE1F2F2CA3001FFC73 /* Info.plist */ = {isa = PBXFileReference; lastKnownFileType = text.plist.xml; path = Info.plist; sourceTree = "<group>"; };
		0EBDA8671F3DA2EE00BA9422 /* RequestFormatter.swift */ = {isa = PBXFileReference; fileEncoding = 4; lastKnownFileType = sourcecode.swift; path = RequestFormatter.swift; sourceTree = "<group>"; };
		0ED850FB1F3C433200A200A4 /* AppModel.swift */ = {isa = PBXFileReference; fileEncoding = 4; lastKnownFileType = sourcecode.swift; path = AppModel.swift; sourceTree = "<group>"; };
		0ED850FC1F3C433200A200A4 /* Cacher.swift */ = {isa = PBXFileReference; fileEncoding = 4; lastKnownFileType = sourcecode.swift; path = Cacher.swift; sourceTree = "<group>"; };
		0ED850FD1F3C433200A200A4 /* Constants.swift */ = {isa = PBXFileReference; fileEncoding = 4; lastKnownFileType = sourcecode.swift; path = Constants.swift; sourceTree = "<group>"; };
		0ED850FE1F3C433200A200A4 /* CoordinateConverter.swift */ = {isa = PBXFileReference; fileEncoding = 4; lastKnownFileType = sourcecode.swift; path = CoordinateConverter.swift; sourceTree = "<group>"; };
		0ED850FF1F3C433200A200A4 /* DataConverter.swift */ = {isa = PBXFileReference; fileEncoding = 4; lastKnownFileType = sourcecode.swift; path = DataConverter.swift; sourceTree = "<group>"; };
		0ED851001F3C433200A200A4 /* DataProvider.swift */ = {isa = PBXFileReference; fileEncoding = 4; lastKnownFileType = sourcecode.swift; path = DataProvider.swift; sourceTree = "<group>"; };
		0ED851011F3C433200A200A4 /* Loader.swift */ = {isa = PBXFileReference; fileEncoding = 4; lastKnownFileType = sourcecode.swift; path = Loader.swift; sourceTree = "<group>"; };
		0ED851021F3C433200A200A4 /* LocationManager.swift */ = {isa = PBXFileReference; fileEncoding = 4; lastKnownFileType = sourcecode.swift; path = LocationManager.swift; sourceTree = "<group>"; };
		0ED851051F3C433200A200A4 /* PlacesList.swift */ = {isa = PBXFileReference; fileEncoding = 4; lastKnownFileType = sourcecode.swift; path = PlacesList.swift; sourceTree = "<group>"; };
		0ED851111F3C537000A200A4 /* UrlFormatter.swift */ = {isa = PBXFileReference; fileEncoding = 4; lastKnownFileType = sourcecode.swift; path = UrlFormatter.swift; sourceTree = "<group>"; };
		0ED851131F3C77C300A200A4 /* AttributesEnums.swift */ = {isa = PBXFileReference; fileEncoding = 4; lastKnownFileType = sourcecode.swift; path = AttributesEnums.swift; sourceTree = "<group>"; };
		0EE83E341F39C3D300C5662A /* RoundButton.swift */ = {isa = PBXFileReference; fileEncoding = 4; lastKnownFileType = sourcecode.swift; path = RoundButton.swift; sourceTree = "<group>"; };
		152AFA1B1F4385B900201D5A /* UserCoreDataTests.swift */ = {isa = PBXFileReference; fileEncoding = 4; lastKnownFileType = sourcecode.swift; path = UserCoreDataTests.swift; sourceTree = "<group>"; };
		1542E1721F4305AD008A92DF /* ProfileStruct.swift */ = {isa = PBXFileReference; fileEncoding = 4; lastKnownFileType = sourcecode.swift; path = ProfileStruct.swift; sourceTree = "<group>"; };
		1542E1741F43063C008A92DF /* UserCoreData.swift */ = {isa = PBXFileReference; fileEncoding = 4; lastKnownFileType = sourcecode.swift; path = UserCoreData.swift; sourceTree = "<group>"; };
		159552B31F46EEEA00EEC19B /* DashboardSettingIcon.swift */ = {isa = PBXFileReference; fileEncoding = 4; lastKnownFileType = sourcecode.swift; path = DashboardSettingIcon.swift; sourceTree = "<group>"; };
		15DF4C9D1F4046E700C68EEB /* PlaceCoreData.swift */ = {isa = PBXFileReference; fileEncoding = 4; lastKnownFileType = sourcecode.swift; path = PlaceCoreData.swift; sourceTree = "<group>"; };
		15DF4C9F1F404C2500C68EEB /* PlaceCoreDataTest.swift */ = {isa = PBXFileReference; fileEncoding = 4; lastKnownFileType = sourcecode.swift; name = PlaceCoreDataTest.swift; path = ../iTourist/PlaceCoreDataTest.swift; sourceTree = "<group>"; };
		15DF4CA51F404C3B00C68EEB /* iTouristTests.xctest */ = {isa = PBXFileReference; explicitFileType = wrapper.cfbundle; includeInIndex = 0; path = iTouristTests.xctest; sourceTree = BUILT_PRODUCTS_DIR; };
		15DF4CA71F404C3B00C68EEB /* iTouristTests.swift */ = {isa = PBXFileReference; lastKnownFileType = sourcecode.swift; path = iTouristTests.swift; sourceTree = "<group>"; };
		15DF4CA91F404C3B00C68EEB /* Info.plist */ = {isa = PBXFileReference; lastKnownFileType = text.plist.xml; path = Info.plist; sourceTree = "<group>"; };
		202898B21F331FBA00F136BB /* Base */ = {isa = PBXFileReference; lastKnownFileType = file.storyboard; name = Base; path = Base.lproj/Profile.storyboard; sourceTree = "<group>"; };
		202898DD1F333BB400F136BB /* ProfileViewController.swift */ = {isa = PBXFileReference; fileEncoding = 4; lastKnownFileType = sourcecode.swift; path = ProfileViewController.swift; sourceTree = "<group>"; };
		202898E01F333EE700F136BB /* Base */ = {isa = PBXFileReference; lastKnownFileType = file.storyboard; name = Base; path = Base.lproj/Weather.storyboard; sourceTree = "<group>"; };
		202898E21F333FBB00F136BB /* WeatherViewController.swift */ = {isa = PBXFileReference; fileEncoding = 4; lastKnownFileType = sourcecode.swift; path = WeatherViewController.swift; sourceTree = "<group>"; };
		202898E51F3341EF00F136BB /* Base */ = {isa = PBXFileReference; lastKnownFileType = file.storyboard; name = Base; path = Base.lproj/Settings.storyboard; sourceTree = "<group>"; };
		202898E71F33428B00F136BB /* SettingsViewController.swift */ = {isa = PBXFileReference; fileEncoding = 4; lastKnownFileType = sourcecode.swift; path = SettingsViewController.swift; sourceTree = "<group>"; };
		20751DDE1F38E60500E4A25A /* PlacesPageController.swift */ = {isa = PBXFileReference; fileEncoding = 4; lastKnownFileType = sourcecode.swift; path = PlacesPageController.swift; sourceTree = "<group>"; };
		20751DE01F38FE9F00E4A25A /* ImageViewController.swift */ = {isa = PBXFileReference; fileEncoding = 4; lastKnownFileType = sourcecode.swift; path = ImageViewController.swift; sourceTree = "<group>"; };
		20A21D8A1F2F876C000AC57A /* Base */ = {isa = PBXFileReference; lastKnownFileType = file.storyboard; name = Base; path = Base.lproj/Map.storyboard; sourceTree = "<group>"; };
		20A5BBAC1F307DF1006E43B9 /* PlacesTypeTableViewController.swift */ = {isa = PBXFileReference; fileEncoding = 4; lastKnownFileType = sourcecode.swift; path = PlacesTypeTableViewController.swift; sourceTree = "<group>"; };
		20A5BBAF1F307E3D006E43B9 /* Base */ = {isa = PBXFileReference; lastKnownFileType = file.storyboard; name = Base; path = Base.lproj/PlacesType.storyboard; sourceTree = "<group>"; };
		20A5BBB11F307F95006E43B9 /* MapViewController.swift */ = {isa = PBXFileReference; fileEncoding = 4; lastKnownFileType = sourcecode.swift; path = MapViewController.swift; sourceTree = "<group>"; };
		20C113E21F3CA7A5009BE8AD /* PlaceProfileViewController.swift */ = {isa = PBXFileReference; fileEncoding = 4; lastKnownFileType = sourcecode.swift; path = PlaceProfileViewController.swift; sourceTree = "<group>"; };
		20C5C4D81F41DAE3009556A2 /* FeedbacksViewController.swift */ = {isa = PBXFileReference; fileEncoding = 4; lastKnownFileType = sourcecode.swift; path = FeedbacksViewController.swift; sourceTree = "<group>"; };
		20C9FB4A1F430A8500EBE738 /* FeedbackCell.swift */ = {isa = PBXFileReference; fileEncoding = 4; lastKnownFileType = sourcecode.swift; path = FeedbackCell.swift; sourceTree = "<group>"; };
		20C9FB4C1F430CF200EBE738 /* FeedbackTableViewController.swift */ = {isa = PBXFileReference; fileEncoding = 4; lastKnownFileType = sourcecode.swift; path = FeedbackTableViewController.swift; sourceTree = "<group>"; };
		611104211F4420D500E221BC /* LogInViewController.swift */ = {isa = PBXFileReference; fileEncoding = 4; lastKnownFileType = sourcecode.swift; path = LogInViewController.swift; sourceTree = "<group>"; };
		618661A91F45FDD3000F737C /* CustomizableScrollView.swift */ = {isa = PBXFileReference; fileEncoding = 4; lastKnownFileType = sourcecode.swift; path = CustomizableScrollView.swift; sourceTree = "<group>"; };
		61F7E7421F41DDF100B088B3 /* SignUpViewController.swift */ = {isa = PBXFileReference; fileEncoding = 4; lastKnownFileType = sourcecode.swift; path = SignUpViewController.swift; sourceTree = "<group>"; };
		A956FA441F436ECF00062CD1 /* ImageStore.swift */ = {isa = PBXFileReference; fileEncoding = 4; lastKnownFileType = sourcecode.swift; path = ImageStore.swift; sourceTree = "<group>"; };
		B204E4841F3A14A300454978 /* bar.png */ = {isa = PBXFileReference; lastKnownFileType = image.png; path = bar.png; sourceTree = "<group>"; };
		B204E4851F3A14A300454978 /* cafe.png */ = {isa = PBXFileReference; lastKnownFileType = image.png; path = cafe.png; sourceTree = "<group>"; };
		B204E4861F3A14A300454978 /* cemetery.png */ = {isa = PBXFileReference; lastKnownFileType = image.png; path = cemetery.png; sourceTree = "<group>"; };
		B204E4871F3A14A300454978 /* church.png */ = {isa = PBXFileReference; lastKnownFileType = image.png; path = church.png; sourceTree = "<group>"; };
		B204E4881F3A14A300454978 /* electronics_store.png */ = {isa = PBXFileReference; lastKnownFileType = image.png; path = electronics_store.png; sourceTree = "<group>"; };
		B204E4891F3A14A300454978 /* food.png */ = {isa = PBXFileReference; lastKnownFileType = image.png; path = food.png; sourceTree = "<group>"; };
		B204E48A1F3A14A300454978 /* grocery_or_supermarket.png */ = {isa = PBXFileReference; lastKnownFileType = image.png; path = grocery_or_supermarket.png; sourceTree = "<group>"; };
		B204E48B1F3A14A300454978 /* lodging.png */ = {isa = PBXFileReference; lastKnownFileType = image.png; path = lodging.png; sourceTree = "<group>"; };
		B204E48C1F3A14A300454978 /* night_club.png */ = {isa = PBXFileReference; lastKnownFileType = image.png; path = night_club.png; sourceTree = "<group>"; };
		B204E48D1F3A14A300454978 /* park.png */ = {isa = PBXFileReference; lastKnownFileType = image.png; path = park.png; sourceTree = "<group>"; };
		B204E48E1F3A14A300454978 /* pharmacy.png */ = {isa = PBXFileReference; lastKnownFileType = image.png; path = pharmacy.png; sourceTree = "<group>"; };
		B204E48F1F3A14A300454978 /* restaurant.png */ = {isa = PBXFileReference; lastKnownFileType = image.png; path = restaurant.png; sourceTree = "<group>"; };
		B204E4901F3A14A300454978 /* school.png */ = {isa = PBXFileReference; lastKnownFileType = image.png; path = school.png; sourceTree = "<group>"; };
		B204E4911F3A14A300454978 /* shopping_mall.png */ = {isa = PBXFileReference; lastKnownFileType = image.png; path = shopping_mall.png; sourceTree = "<group>"; };
		B204E4921F3A14A300454978 /* store.png */ = {isa = PBXFileReference; lastKnownFileType = image.png; path = store.png; sourceTree = "<group>"; };
		B204E4931F3A14A300454978 /* university.png */ = {isa = PBXFileReference; lastKnownFileType = image.png; path = university.png; sourceTree = "<group>"; };
		B204E4A51F3A14DB00454978 /* RouteCalculatingMethods.swift */ = {isa = PBXFileReference; fileEncoding = 4; lastKnownFileType = sourcecode.swift; path = RouteCalculatingMethods.swift; sourceTree = "<group>"; };
		B204E4A71F3A150600454978 /* PlaceAnnotation.swift */ = {isa = PBXFileReference; fileEncoding = 4; lastKnownFileType = sourcecode.swift; path = PlaceAnnotation.swift; sourceTree = "<group>"; };
		B204E4A91F3A152500454978 /* MVDelegateMethods.swift */ = {isa = PBXFileReference; fileEncoding = 4; lastKnownFileType = sourcecode.swift; path = MVDelegateMethods.swift; sourceTree = "<group>"; };
		B204E4AB1F3A153400454978 /* CLDelegateMethods.swift */ = {isa = PBXFileReference; fileEncoding = 4; lastKnownFileType = sourcecode.swift; path = CLDelegateMethods.swift; sourceTree = "<group>"; };
		B23B2D821F419D2300187090 /* MapFrameConverter.swift */ = {isa = PBXFileReference; fileEncoding = 4; lastKnownFileType = sourcecode.swift; path = MapFrameConverter.swift; sourceTree = "<group>"; };
		B23FA2DC1F38B48F0046DED1 /* pin.png */ = {isa = PBXFileReference; lastKnownFileType = image.png; path = pin.png; sourceTree = "<group>"; };
		E72EBBB11F34A107003D7357 /* Forecast.swift */ = {isa = PBXFileReference; fileEncoding = 4; lastKnownFileType = sourcecode.swift; path = Forecast.swift; sourceTree = "<group>"; };
		E72EBBB31F34A2DF003D7357 /* WeatherParse.swift */ = {isa = PBXFileReference; fileEncoding = 4; lastKnownFileType = sourcecode.swift; path = WeatherParse.swift; sourceTree = "<group>"; };
		E7B763FB1F3C82E200B23AEA /* WeatherCell.swift */ = {isa = PBXFileReference; fileEncoding = 4; lastKnownFileType = sourcecode.swift; path = WeatherCell.swift; sourceTree = "<group>"; };
/* End PBXFileReference section */

/* Begin PBXFrameworksBuildPhase section */
		0E8B3BB91F2F2CA3001FFC73 /* Frameworks */ = {
			isa = PBXFrameworksBuildPhase;
			buildActionMask = 2147483647;
			files = (
			);
			runOnlyForDeploymentPostprocessing = 0;
		};
		15DF4CA21F404C3B00C68EEB /* Frameworks */ = {
			isa = PBXFrameworksBuildPhase;
			buildActionMask = 2147483647;
			files = (
			);
			runOnlyForDeploymentPostprocessing = 0;
		};
/* End PBXFrameworksBuildPhase section */

/* Begin PBXGroup section */
		0E8B3BB31F2F2CA3001FFC73 = {
			isa = PBXGroup;
			children = (
				0E8B3BBE1F2F2CA3001FFC73 /* iTourist */,
				15DF4CA61F404C3B00C68EEB /* iTouristTests */,
				0E8B3BBD1F2F2CA3001FFC73 /* Products */,
			);
			sourceTree = "<group>";
		};
		0E8B3BBD1F2F2CA3001FFC73 /* Products */ = {
			isa = PBXGroup;
			children = (
				0E8B3BBC1F2F2CA3001FFC73 /* iTourist.app */,
				15DF4CA51F404C3B00C68EEB /* iTouristTests.xctest */,
			);
			name = Products;
			sourceTree = "<group>";
		};
		0E8B3BBE1F2F2CA3001FFC73 /* iTourist */ = {
			isa = PBXGroup;
			children = (
				0E8B3BD51F2F2CBF001FFC73 /* SupportingFiles */,
				0EBDA8691F3DA3C900BA9422 /* PlaceModel */,
				0EBDA86A1F3DA3F800BA9422 /* AppModel */,
				0EBDA86E1F3DA55300BA9422 /* DataService */,
				0E8B3BD41F2F2CB1001FFC73 /* Classes */,
				0E8B3BD61F2F2CD4001FFC73 /* Database */,
			);
			path = iTourist;
			sourceTree = "<group>";
		};
		0E8B3BD41F2F2CB1001FFC73 /* Classes */ = {
			isa = PBXGroup;
			children = (
				159552B21F46EDB400EEC19B /* Dashboard */,
				0E8B3BD81F2F2D0E001FFC73 /* Map */,
				20DB16E21F3859DF00E4B695 /* Places */,
				20DB16E31F386EE500E4B695 /* Weather */,
				617ED2F11F41D484001FEE6F /* Profile */,
				0E8B3BC11F2F2CA3001FFC73 /* DashboardController.swift */,
				0E8B3BC31F2F2CA3001FFC73 /* Main.storyboard */,
				202898E71F33428B00F136BB /* SettingsViewController.swift */,
				202898E41F3341EF00F136BB /* Settings.storyboard */,
				0EE83E341F39C3D300C5662A /* RoundButton.swift */,
				618661A91F45FDD3000F737C /* CustomizableScrollView.swift */,
			);
			name = Classes;
			sourceTree = "<group>";
		};
		0E8B3BD51F2F2CBF001FFC73 /* SupportingFiles */ = {
			isa = PBXGroup;
			children = (
				0E8B3BBF1F2F2CA3001FFC73 /* AppDelegate.swift */,
				0E8B3BC91F2F2CA3001FFC73 /* Assets.xcassets */,
				0E8B3BCB1F2F2CA3001FFC73 /* LaunchScreen.storyboard */,
				0E8B3BCE1F2F2CA3001FFC73 /* Info.plist */,
			);
			name = SupportingFiles;
			sourceTree = "<group>";
		};
		0E8B3BD61F2F2CD4001FFC73 /* Database */ = {
			isa = PBXGroup;
			children = (
				1542E1741F43063C008A92DF /* UserCoreData.swift */,
				0E8B3BC61F2F2CA3001FFC73 /* iTourist.xcdatamodeld */,
				15DF4C9D1F4046E700C68EEB /* PlaceCoreData.swift */,
				0E7D4ADA1F417B3A00C6E38D /* ExtensionForPlacesCoreData.swift */,
			);
			name = Database;
			sourceTree = "<group>";
		};
		0E8B3BD81F2F2D0E001FFC73 /* Map */ = {
			isa = PBXGroup;
			children = (
				20A5BBB11F307F95006E43B9 /* MapViewController.swift */,
				B204E4A91F3A152500454978 /* MVDelegateMethods.swift */,
				B23B2D821F419D2300187090 /* MapFrameConverter.swift */,
				B204E4AB1F3A153400454978 /* CLDelegateMethods.swift */,
				B204E4A51F3A14DB00454978 /* RouteCalculatingMethods.swift */,
				B204E4A71F3A150600454978 /* PlaceAnnotation.swift */,
				20A21D891F2F876C000AC57A /* Map.storyboard */,
				B204E4A41F3A14C000454978 /* icons */,
			);
			name = Map;
			sourceTree = "<group>";
		};
		0EBDA8691F3DA3C900BA9422 /* PlaceModel */ = {
			isa = PBXGroup;
			children = (
				0E4003F01F309DF4003671F1 /* Place.swift */,
				0E4003F11F309DF4003671F1 /* Review.swift */,
				0ED851131F3C77C300A200A4 /* AttributesEnums.swift */,
			);
			name = PlaceModel;
			sourceTree = "<group>";
		};
		0EBDA86A1F3DA3F800BA9422 /* AppModel */ = {
			isa = PBXGroup;
			children = (
				0ED850FB1F3C433200A200A4 /* AppModel.swift */,
				0ED851021F3C433200A200A4 /* LocationManager.swift */,
				0ED850FD1F3C433200A200A4 /* Constants.swift */,
			);
			name = AppModel;
			sourceTree = "<group>";
		};
		0EBDA86B1F3DA43C00BA9422 /* LoadData */ = {
			isa = PBXGroup;
			children = (
				0ED851111F3C537000A200A4 /* UrlFormatter.swift */,
				0EBDA8671F3DA2EE00BA9422 /* RequestFormatter.swift */,
				0E4003EC1F309DE9003671F1 /* JsonPlacesParser.swift */,
				0ED851011F3C433200A200A4 /* Loader.swift */,
			);
			name = LoadData;
			sourceTree = "<group>";
		};
		0EBDA86C1F3DA47800BA9422 /* DataProvider */ = {
			isa = PBXGroup;
			children = (
				0ED851001F3C433200A200A4 /* DataProvider.swift */,
				A956FA431F42BBEB00062CD1 /* CacheData */,
				0EBDA86B1F3DA43C00BA9422 /* LoadData */,
			);
			name = DataProvider;
			sourceTree = "<group>";
		};
		0EBDA86E1F3DA55300BA9422 /* DataService */ = {
			isa = PBXGroup;
			children = (
				0EBDA86C1F3DA47800BA9422 /* DataProvider */,
				A95187E71F437E4500C6E86D /* ImageManaging */,
				0ED850FE1F3C433200A200A4 /* CoordinateConverter.swift */,
				0ED851051F3C433200A200A4 /* PlacesList.swift */,
			);
			name = DataService;
			sourceTree = "<group>";
		};
		159552B21F46EDB400EEC19B /* Dashboard */ = {
			isa = PBXGroup;
			children = (
				159552B31F46EEEA00EEC19B /* DashboardSettingIcon.swift */,
			);
			name = Dashboard;
			sourceTree = "<group>";
		};
		15DF4CA61F404C3B00C68EEB /* iTouristTests */ = {
			isa = PBXGroup;
			children = (
				152AFA1B1F4385B900201D5A /* UserCoreDataTests.swift */,
				15DF4C9F1F404C2500C68EEB /* PlaceCoreDataTest.swift */,
				15DF4CA71F404C3B00C68EEB /* iTouristTests.swift */,
				15DF4CA91F404C3B00C68EEB /* Info.plist */,
			);
			path = iTouristTests;
			sourceTree = "<group>";
		};
		20DB16E21F3859DF00E4B695 /* Places */ = {
			isa = PBXGroup;
			children = (
				20A5BBAE1F307E3D006E43B9 /* PlacesType.storyboard */,
				20A5BBAC1F307DF1006E43B9 /* PlacesTypeTableViewController.swift */,
				0E4003F61F30B394003671F1 /* PlaceViewController.swift */,
				0E4003F41F30B0D3003671F1 /* PlaceCell.swift */,
				20751DDE1F38E60500E4A25A /* PlacesPageController.swift */,
				20751DE01F38FE9F00E4A25A /* ImageViewController.swift */,
				20C113E21F3CA7A5009BE8AD /* PlaceProfileViewController.swift */,
				20C5C4D81F41DAE3009556A2 /* FeedbacksViewController.swift */,
				20C9FB4A1F430A8500EBE738 /* FeedbackCell.swift */,
				20C9FB4C1F430CF200EBE738 /* FeedbackTableViewController.swift */,
			);
			name = Places;
			sourceTree = "<group>";
		};
		20DB16E31F386EE500E4B695 /* Weather */ = {
			isa = PBXGroup;
			children = (
				202898DF1F333EE700F136BB /* Weather.storyboard */,
				E7B763FB1F3C82E200B23AEA /* WeatherCell.swift */,
				E72EBBB31F34A2DF003D7357 /* WeatherParse.swift */,
				E72EBBB11F34A107003D7357 /* Forecast.swift */,
				202898E21F333FBB00F136BB /* WeatherViewController.swift */,
			);
			name = Weather;
			sourceTree = "<group>";
		};
		617ED2F11F41D484001FEE6F /* Profile */ = {
			isa = PBXGroup;
			children = (
				1542E1721F4305AD008A92DF /* ProfileStruct.swift */,
				611104211F4420D500E221BC /* LogInViewController.swift */,
				202898DD1F333BB400F136BB /* ProfileViewController.swift */,
				61F7E7421F41DDF100B088B3 /* SignUpViewController.swift */,
				202898B11F331FBA00F136BB /* Profile.storyboard */,
			);
			name = Profile;
			sourceTree = "<group>";
		};
		A95187E71F437E4500C6E86D /* ImageManaging */ = {
			isa = PBXGroup;
			children = (
				0E5DE1E31F3217780045305D /* ImageManager.swift */,
				A956FA441F436ECF00062CD1 /* ImageStore.swift */,
			);
			name = ImageManaging;
			sourceTree = "<group>";
		};
		A956FA431F42BBEB00062CD1 /* CacheData */ = {
			isa = PBXGroup;
			children = (
				0ED850FC1F3C433200A200A4 /* Cacher.swift */,
				0ED850FF1F3C433200A200A4 /* DataConverter.swift */,
			);
			name = CacheData;
			sourceTree = "<group>";
		};
		B204E4A41F3A14C000454978 /* icons */ = {
			isa = PBXGroup;
			children = (
				B23FA2DC1F38B48F0046DED1 /* pin.png */,
				B204E4841F3A14A300454978 /* bar.png */,
				B204E4851F3A14A300454978 /* cafe.png */,
				B204E4861F3A14A300454978 /* cemetery.png */,
				B204E4871F3A14A300454978 /* church.png */,
				B204E4881F3A14A300454978 /* electronics_store.png */,
				B204E4891F3A14A300454978 /* food.png */,
				B204E48A1F3A14A300454978 /* grocery_or_supermarket.png */,
				B204E48B1F3A14A300454978 /* lodging.png */,
				B204E48C1F3A14A300454978 /* night_club.png */,
				B204E48D1F3A14A300454978 /* park.png */,
				B204E48E1F3A14A300454978 /* pharmacy.png */,
				B204E48F1F3A14A300454978 /* restaurant.png */,
				B204E4901F3A14A300454978 /* school.png */,
				B204E4911F3A14A300454978 /* shopping_mall.png */,
				B204E4921F3A14A300454978 /* store.png */,
				B204E4931F3A14A300454978 /* university.png */,
			);
			name = icons;
			sourceTree = "<group>";
		};
/* End PBXGroup section */

/* Begin PBXNativeTarget section */
		0E8B3BBB1F2F2CA3001FFC73 /* iTourist */ = {
			isa = PBXNativeTarget;
			buildConfigurationList = 0E8B3BD11F2F2CA3001FFC73 /* Build configuration list for PBXNativeTarget "iTourist" */;
			buildPhases = (
				0E8B3BB81F2F2CA3001FFC73 /* Sources */,
				0E8B3BB91F2F2CA3001FFC73 /* Frameworks */,
				0E8B3BBA1F2F2CA3001FFC73 /* Resources */,
			);
			buildRules = (
			);
			dependencies = (
			);
			name = iTourist;
			productName = iTourist;
			productReference = 0E8B3BBC1F2F2CA3001FFC73 /* iTourist.app */;
			productType = "com.apple.product-type.application";
		};
		15DF4CA41F404C3B00C68EEB /* iTouristTests */ = {
			isa = PBXNativeTarget;
			buildConfigurationList = 15DF4CAC1F404C3B00C68EEB /* Build configuration list for PBXNativeTarget "iTouristTests" */;
			buildPhases = (
				15DF4CA11F404C3B00C68EEB /* Sources */,
				15DF4CA21F404C3B00C68EEB /* Frameworks */,
				15DF4CA31F404C3B00C68EEB /* Resources */,
			);
			buildRules = (
			);
			dependencies = (
				15DF4CAB1F404C3B00C68EEB /* PBXTargetDependency */,
			);
			name = iTouristTests;
			productName = iTouristTests;
			productReference = 15DF4CA51F404C3B00C68EEB /* iTouristTests.xctest */;
			productType = "com.apple.product-type.bundle.unit-test";
		};
/* End PBXNativeTarget section */

/* Begin PBXProject section */
		0E8B3BB41F2F2CA3001FFC73 /* Project object */ = {
			isa = PBXProject;
			attributes = {
				LastSwiftUpdateCheck = 0830;
				LastUpgradeCheck = 0830;
				ORGANIZATIONNAME = "Lv-249iOS";
				TargetAttributes = {
					0E8B3BBB1F2F2CA3001FFC73 = {
						CreatedOnToolsVersion = 8.3.3;
						ProvisioningStyle = Automatic;
					};
					15DF4CA41F404C3B00C68EEB = {
						CreatedOnToolsVersion = 8.3.3;
						ProvisioningStyle = Automatic;
						TestTargetID = 0E8B3BBB1F2F2CA3001FFC73;
					};
				};
			};
			buildConfigurationList = 0E8B3BB71F2F2CA3001FFC73 /* Build configuration list for PBXProject "iTourist" */;
			compatibilityVersion = "Xcode 3.2";
			developmentRegion = English;
			hasScannedForEncodings = 0;
			knownRegions = (
				en,
				Base,
			);
			mainGroup = 0E8B3BB31F2F2CA3001FFC73;
			productRefGroup = 0E8B3BBD1F2F2CA3001FFC73 /* Products */;
			projectDirPath = "";
			projectRoot = "";
			targets = (
				0E8B3BBB1F2F2CA3001FFC73 /* iTourist */,
				15DF4CA41F404C3B00C68EEB /* iTouristTests */,
			);
		};
/* End PBXProject section */

/* Begin PBXResourcesBuildPhase section */
		0E8B3BBA1F2F2CA3001FFC73 /* Resources */ = {
			isa = PBXResourcesBuildPhase;
			buildActionMask = 2147483647;
			files = (
				202898E11F333EE700F136BB /* Weather.storyboard in Resources */,
				B204E4A21F3A14A300454978 /* store.png in Resources */,
				B204E4981F3A14A300454978 /* electronics_store.png in Resources */,
				B204E4961F3A14A300454978 /* cemetery.png in Resources */,
				B204E4A11F3A14A300454978 /* shopping_mall.png in Resources */,
				B204E4941F3A14A300454978 /* bar.png in Resources */,
				B204E49C1F3A14A300454978 /* night_club.png in Resources */,
				B204E4A31F3A14A300454978 /* university.png in Resources */,
				B204E4951F3A14A300454978 /* cafe.png in Resources */,
				202898B31F331FBA00F136BB /* Profile.storyboard in Resources */,
				0E8B3BCD1F2F2CA3001FFC73 /* LaunchScreen.storyboard in Resources */,
				B204E49B1F3A14A300454978 /* lodging.png in Resources */,
				202898E61F3341EF00F136BB /* Settings.storyboard in Resources */,
				20A5BBB01F307E3D006E43B9 /* PlacesType.storyboard in Resources */,
				0E8B3BCA1F2F2CA3001FFC73 /* Assets.xcassets in Resources */,
				B204E49E1F3A14A300454978 /* pharmacy.png in Resources */,
				B204E49D1F3A14A300454978 /* park.png in Resources */,
				B204E49A1F3A14A300454978 /* grocery_or_supermarket.png in Resources */,
				B204E4971F3A14A300454978 /* church.png in Resources */,
				B204E49F1F3A14A300454978 /* restaurant.png in Resources */,
				B204E4991F3A14A300454978 /* food.png in Resources */,
				B23FA2DD1F38B48F0046DED1 /* pin.png in Resources */,
				0E8B3BC51F2F2CA3001FFC73 /* Main.storyboard in Resources */,
				20A21D8B1F2F876C000AC57A /* Map.storyboard in Resources */,
				B204E4A01F3A14A300454978 /* school.png in Resources */,
			);
			runOnlyForDeploymentPostprocessing = 0;
		};
		15DF4CA31F404C3B00C68EEB /* Resources */ = {
			isa = PBXResourcesBuildPhase;
			buildActionMask = 2147483647;
			files = (
			);
			runOnlyForDeploymentPostprocessing = 0;
		};
/* End PBXResourcesBuildPhase section */

/* Begin PBXSourcesBuildPhase section */
		0E8B3BB81F2F2CA3001FFC73 /* Sources */ = {
			isa = PBXSourcesBuildPhase;
			buildActionMask = 2147483647;
			files = (
				0EE83E351F39C3D300C5662A /* RoundButton.swift in Sources */,
				1542E1731F4305AD008A92DF /* ProfileStruct.swift in Sources */,
				0E4003F71F30B394003671F1 /* PlaceViewController.swift in Sources */,
				E7B763FC1F3C82E200B23AEA /* WeatherCell.swift in Sources */,
				0E8B3BC81F2F2CA3001FFC73 /* iTourist.xcdatamodeld in Sources */,
				0E4003F51F30B0D3003671F1 /* PlaceCell.swift in Sources */,
				0E5DE1E41F3217780045305D /* ImageManager.swift in Sources */,
				0ED851141F3C77C300A200A4 /* AttributesEnums.swift in Sources */,
				20A5BBAD1F307DF1006E43B9 /* PlacesTypeTableViewController.swift in Sources */,
				61F7E7431F41DDF100B088B3 /* SignUpViewController.swift in Sources */,
				0ED851081F3C433200A200A4 /* Constants.swift in Sources */,
				0ED8510A1F3C433200A200A4 /* DataConverter.swift in Sources */,
				0ED851071F3C433200A200A4 /* Cacher.swift in Sources */,
				20751DE11F38FE9F00E4A25A /* ImageViewController.swift in Sources */,
				0E7D4ADB1F417B3A00C6E38D /* ExtensionForPlacesCoreData.swift in Sources */,
				20C5C4D91F41DAE3009556A2 /* FeedbacksViewController.swift in Sources */,
				0ED851091F3C433200A200A4 /* CoordinateConverter.swift in Sources */,
				202898E31F333FBB00F136BB /* WeatherViewController.swift in Sources */,
				20C113E31F3CA7A5009BE8AD /* PlaceProfileViewController.swift in Sources */,
				B204E4A81F3A150600454978 /* PlaceAnnotation.swift in Sources */,
				0E4003F31F309DF4003671F1 /* Review.swift in Sources */,
				20C9FB4B1F430A8500EBE738 /* FeedbackCell.swift in Sources */,
				B204E4AA1F3A152500454978 /* MVDelegateMethods.swift in Sources */,
				0ED8510B1F3C433200A200A4 /* DataProvider.swift in Sources */,
				0ED851061F3C433200A200A4 /* AppModel.swift in Sources */,
				0EBDA8681F3DA2EE00BA9422 /* RequestFormatter.swift in Sources */,
				0E4003EE1F309DE9003671F1 /* JsonPlacesParser.swift in Sources */,
				0E4003F21F309DF4003671F1 /* Place.swift in Sources */,
				0E8B3BC21F2F2CA3001FFC73 /* DashboardController.swift in Sources */,
				20751DDF1F38E60500E4A25A /* PlacesPageController.swift in Sources */,
				611104221F4420D500E221BC /* LogInViewController.swift in Sources */,
				159552B41F46EEEA00EEC19B /* DashboardSettingIcon.swift in Sources */,
				0ED851121F3C537000A200A4 /* UrlFormatter.swift in Sources */,
				20A5BBB21F307F95006E43B9 /* MapViewController.swift in Sources */,
				0ED8510C1F3C433200A200A4 /* Loader.swift in Sources */,
				202898E81F33428B00F136BB /* SettingsViewController.swift in Sources */,
				0E8B3BC01F2F2CA3001FFC73 /* AppDelegate.swift in Sources */,
				202898DE1F333BB400F136BB /* ProfileViewController.swift in Sources */,
				1542E1751F43063C008A92DF /* UserCoreData.swift in Sources */,
				B23B2D831F419D2300187090 /* MapFrameConverter.swift in Sources */,
				618661AA1F45FDD3000F737C /* CustomizableScrollView.swift in Sources */,
				E72EBBB41F34A2DF003D7357 /* WeatherParse.swift in Sources */,
				B204E4AC1F3A153400454978 /* CLDelegateMethods.swift in Sources */,
				B204E4A61F3A14DB00454978 /* RouteCalculatingMethods.swift in Sources */,
				E72EBBB21F34A107003D7357 /* Forecast.swift in Sources */,
				20C9FB4D1F430CF200EBE738 /* FeedbackTableViewController.swift in Sources */,
				15DF4C9E1F4046E700C68EEB /* PlaceCoreData.swift in Sources */,
				A956FA451F436ECF00062CD1 /* ImageStore.swift in Sources */,
				0ED8510D1F3C433200A200A4 /* LocationManager.swift in Sources */,
				0ED851101F3C433200A200A4 /* PlacesList.swift in Sources */,
			);
			runOnlyForDeploymentPostprocessing = 0;
		};
		15DF4CA11F404C3B00C68EEB /* Sources */ = {
			isa = PBXSourcesBuildPhase;
			buildActionMask = 2147483647;
			files = (
				15DF4CAF1F404CBF00C68EEB /* PlaceCoreDataTest.swift in Sources */,
				15DF4CA81F404C3B00C68EEB /* iTouristTests.swift in Sources */,
				152AFA1C1F4385B900201D5A /* UserCoreDataTests.swift in Sources */,
			);
			runOnlyForDeploymentPostprocessing = 0;
		};
/* End PBXSourcesBuildPhase section */

/* Begin PBXTargetDependency section */
		15DF4CAB1F404C3B00C68EEB /* PBXTargetDependency */ = {
			isa = PBXTargetDependency;
			target = 0E8B3BBB1F2F2CA3001FFC73 /* iTourist */;
			targetProxy = 15DF4CAA1F404C3B00C68EEB /* PBXContainerItemProxy */;
		};
/* End PBXTargetDependency section */

/* Begin PBXVariantGroup section */
		0E8B3BC31F2F2CA3001FFC73 /* Main.storyboard */ = {
			isa = PBXVariantGroup;
			children = (
				0E8B3BC41F2F2CA3001FFC73 /* Base */,
			);
			name = Main.storyboard;
			sourceTree = "<group>";
		};
		0E8B3BCB1F2F2CA3001FFC73 /* LaunchScreen.storyboard */ = {
			isa = PBXVariantGroup;
			children = (
				0E8B3BCC1F2F2CA3001FFC73 /* Base */,
			);
			name = LaunchScreen.storyboard;
			sourceTree = "<group>";
		};
		202898B11F331FBA00F136BB /* Profile.storyboard */ = {
			isa = PBXVariantGroup;
			children = (
				202898B21F331FBA00F136BB /* Base */,
			);
			name = Profile.storyboard;
			sourceTree = "<group>";
		};
		202898DF1F333EE700F136BB /* Weather.storyboard */ = {
			isa = PBXVariantGroup;
			children = (
				202898E01F333EE700F136BB /* Base */,
			);
			name = Weather.storyboard;
			sourceTree = "<group>";
		};
		202898E41F3341EF00F136BB /* Settings.storyboard */ = {
			isa = PBXVariantGroup;
			children = (
				202898E51F3341EF00F136BB /* Base */,
			);
			name = Settings.storyboard;
			sourceTree = "<group>";
		};
		20A21D891F2F876C000AC57A /* Map.storyboard */ = {
			isa = PBXVariantGroup;
			children = (
				20A21D8A1F2F876C000AC57A /* Base */,
			);
			name = Map.storyboard;
			sourceTree = "<group>";
		};
		20A5BBAE1F307E3D006E43B9 /* PlacesType.storyboard */ = {
			isa = PBXVariantGroup;
			children = (
				20A5BBAF1F307E3D006E43B9 /* Base */,
			);
			name = PlacesType.storyboard;
			sourceTree = "<group>";
		};
/* End PBXVariantGroup section */

/* Begin XCBuildConfiguration section */
		0E8B3BCF1F2F2CA3001FFC73 /* Debug */ = {
			isa = XCBuildConfiguration;
			buildSettings = {
				ALWAYS_SEARCH_USER_PATHS = NO;
				CLANG_ANALYZER_NONNULL = YES;
				CLANG_ANALYZER_NUMBER_OBJECT_CONVERSION = YES_AGGRESSIVE;
				CLANG_CXX_LANGUAGE_STANDARD = "gnu++0x";
				CLANG_CXX_LIBRARY = "libc++";
				CLANG_ENABLE_MODULES = YES;
				CLANG_ENABLE_OBJC_ARC = YES;
				CLANG_WARN_BOOL_CONVERSION = YES;
				CLANG_WARN_CONSTANT_CONVERSION = YES;
				CLANG_WARN_DIRECT_OBJC_ISA_USAGE = YES_ERROR;
				CLANG_WARN_DOCUMENTATION_COMMENTS = YES;
				CLANG_WARN_EMPTY_BODY = YES;
				CLANG_WARN_ENUM_CONVERSION = YES;
				CLANG_WARN_INFINITE_RECURSION = YES;
				CLANG_WARN_INT_CONVERSION = YES;
				CLANG_WARN_OBJC_ROOT_CLASS = YES_ERROR;
				CLANG_WARN_SUSPICIOUS_MOVE = YES;
				CLANG_WARN_UNREACHABLE_CODE = YES;
				CLANG_WARN__DUPLICATE_METHOD_MATCH = YES;
				"CODE_SIGN_IDENTITY[sdk=iphoneos*]" = "iPhone Developer";
				COPY_PHASE_STRIP = NO;
				DEBUG_INFORMATION_FORMAT = dwarf;
				ENABLE_STRICT_OBJC_MSGSEND = YES;
				ENABLE_TESTABILITY = YES;
				GCC_C_LANGUAGE_STANDARD = gnu99;
				GCC_DYNAMIC_NO_PIC = NO;
				GCC_NO_COMMON_BLOCKS = YES;
				GCC_OPTIMIZATION_LEVEL = 0;
				GCC_PREPROCESSOR_DEFINITIONS = (
					"DEBUG=1",
					"$(inherited)",
				);
				GCC_WARN_64_TO_32_BIT_CONVERSION = YES;
				GCC_WARN_ABOUT_RETURN_TYPE = YES_ERROR;
				GCC_WARN_UNDECLARED_SELECTOR = YES;
				GCC_WARN_UNINITIALIZED_AUTOS = YES_AGGRESSIVE;
				GCC_WARN_UNUSED_FUNCTION = YES;
				GCC_WARN_UNUSED_VARIABLE = YES;
				IPHONEOS_DEPLOYMENT_TARGET = 10.2;
				MTL_ENABLE_DEBUG_INFO = YES;
				ONLY_ACTIVE_ARCH = YES;
				SDKROOT = iphoneos;
				SWIFT_ACTIVE_COMPILATION_CONDITIONS = DEBUG;
				SWIFT_OPTIMIZATION_LEVEL = "-Onone";
				TARGETED_DEVICE_FAMILY = "1,2";
			};
			name = Debug;
		};
		0E8B3BD01F2F2CA3001FFC73 /* Release */ = {
			isa = XCBuildConfiguration;
			buildSettings = {
				ALWAYS_SEARCH_USER_PATHS = NO;
				CLANG_ANALYZER_NONNULL = YES;
				CLANG_ANALYZER_NUMBER_OBJECT_CONVERSION = YES_AGGRESSIVE;
				CLANG_CXX_LANGUAGE_STANDARD = "gnu++0x";
				CLANG_CXX_LIBRARY = "libc++";
				CLANG_ENABLE_MODULES = YES;
				CLANG_ENABLE_OBJC_ARC = YES;
				CLANG_WARN_BOOL_CONVERSION = YES;
				CLANG_WARN_CONSTANT_CONVERSION = YES;
				CLANG_WARN_DIRECT_OBJC_ISA_USAGE = YES_ERROR;
				CLANG_WARN_DOCUMENTATION_COMMENTS = YES;
				CLANG_WARN_EMPTY_BODY = YES;
				CLANG_WARN_ENUM_CONVERSION = YES;
				CLANG_WARN_INFINITE_RECURSION = YES;
				CLANG_WARN_INT_CONVERSION = YES;
				CLANG_WARN_OBJC_ROOT_CLASS = YES_ERROR;
				CLANG_WARN_SUSPICIOUS_MOVE = YES;
				CLANG_WARN_UNREACHABLE_CODE = YES;
				CLANG_WARN__DUPLICATE_METHOD_MATCH = YES;
				"CODE_SIGN_IDENTITY[sdk=iphoneos*]" = "iPhone Developer";
				COPY_PHASE_STRIP = NO;
				DEBUG_INFORMATION_FORMAT = "dwarf-with-dsym";
				ENABLE_NS_ASSERTIONS = NO;
				ENABLE_STRICT_OBJC_MSGSEND = YES;
				GCC_C_LANGUAGE_STANDARD = gnu99;
				GCC_NO_COMMON_BLOCKS = YES;
				GCC_WARN_64_TO_32_BIT_CONVERSION = YES;
				GCC_WARN_ABOUT_RETURN_TYPE = YES_ERROR;
				GCC_WARN_UNDECLARED_SELECTOR = YES;
				GCC_WARN_UNINITIALIZED_AUTOS = YES_AGGRESSIVE;
				GCC_WARN_UNUSED_FUNCTION = YES;
				GCC_WARN_UNUSED_VARIABLE = YES;
				IPHONEOS_DEPLOYMENT_TARGET = 10.2;
				MTL_ENABLE_DEBUG_INFO = NO;
				SDKROOT = iphoneos;
				SWIFT_OPTIMIZATION_LEVEL = "-Owholemodule";
				TARGETED_DEVICE_FAMILY = "1,2";
				VALIDATE_PRODUCT = YES;
			};
			name = Release;
		};
		0E8B3BD21F2F2CA3001FFC73 /* Debug */ = {
			isa = XCBuildConfiguration;
			buildSettings = {
				ASSETCATALOG_COMPILER_APPICON_NAME = AppIcon;
				DEVELOPMENT_TEAM = "";
				INFOPLIST_FILE = iTourist/Info.plist;
				IPHONEOS_DEPLOYMENT_TARGET = 10.2;
				LD_RUNPATH_SEARCH_PATHS = "$(inherited) @executable_path/Frameworks";
				PRODUCT_BUNDLE_IDENTIFIER = Academy.iTourist;
				PRODUCT_NAME = "$(TARGET_NAME)";
				SWIFT_VERSION = 3.0;
			};
			name = Debug;
		};
		0E8B3BD31F2F2CA3001FFC73 /* Release */ = {
			isa = XCBuildConfiguration;
			buildSettings = {
				ASSETCATALOG_COMPILER_APPICON_NAME = AppIcon;
				DEVELOPMENT_TEAM = "";
				INFOPLIST_FILE = iTourist/Info.plist;
				IPHONEOS_DEPLOYMENT_TARGET = 10.2;
				LD_RUNPATH_SEARCH_PATHS = "$(inherited) @executable_path/Frameworks";
				PRODUCT_BUNDLE_IDENTIFIER = Academy.iTourist;
				PRODUCT_NAME = "$(TARGET_NAME)";
				SWIFT_VERSION = 3.0;
			};
			name = Release;
		};
		15DF4CAD1F404C3B00C68EEB /* Debug */ = {
			isa = XCBuildConfiguration;
			buildSettings = {
				BUNDLE_LOADER = "$(TEST_HOST)";
				INFOPLIST_FILE = iTouristTests/Info.plist;
				IPHONEOS_DEPLOYMENT_TARGET = 10.2;
				LD_RUNPATH_SEARCH_PATHS = "$(inherited) @executable_path/Frameworks @loader_path/Frameworks";
				PRODUCT_BUNDLE_IDENTIFIER = EugeneRoman.iTouristTests;
				PRODUCT_NAME = "$(TARGET_NAME)";
				SWIFT_VERSION = 3.0;
				TEST_HOST = "$(BUILT_PRODUCTS_DIR)/iTourist.app/iTourist";
			};
			name = Debug;
		};
		15DF4CAE1F404C3B00C68EEB /* Release */ = {
			isa = XCBuildConfiguration;
			buildSettings = {
				BUNDLE_LOADER = "$(TEST_HOST)";
				INFOPLIST_FILE = iTouristTests/Info.plist;
				IPHONEOS_DEPLOYMENT_TARGET = 10.2;
				LD_RUNPATH_SEARCH_PATHS = "$(inherited) @executable_path/Frameworks @loader_path/Frameworks";
				PRODUCT_BUNDLE_IDENTIFIER = EugeneRoman.iTouristTests;
				PRODUCT_NAME = "$(TARGET_NAME)";
				SWIFT_VERSION = 3.0;
				TEST_HOST = "$(BUILT_PRODUCTS_DIR)/iTourist.app/iTourist";
			};
			name = Release;
		};
/* End XCBuildConfiguration section */

/* Begin XCConfigurationList section */
		0E8B3BB71F2F2CA3001FFC73 /* Build configuration list for PBXProject "iTourist" */ = {
			isa = XCConfigurationList;
			buildConfigurations = (
				0E8B3BCF1F2F2CA3001FFC73 /* Debug */,
				0E8B3BD01F2F2CA3001FFC73 /* Release */,
			);
			defaultConfigurationIsVisible = 0;
			defaultConfigurationName = Release;
		};
		0E8B3BD11F2F2CA3001FFC73 /* Build configuration list for PBXNativeTarget "iTourist" */ = {
			isa = XCConfigurationList;
			buildConfigurations = (
				0E8B3BD21F2F2CA3001FFC73 /* Debug */,
				0E8B3BD31F2F2CA3001FFC73 /* Release */,
			);
			defaultConfigurationIsVisible = 0;
			defaultConfigurationName = Release;
		};
		15DF4CAC1F404C3B00C68EEB /* Build configuration list for PBXNativeTarget "iTouristTests" */ = {
			isa = XCConfigurationList;
			buildConfigurations = (
				15DF4CAD1F404C3B00C68EEB /* Debug */,
				15DF4CAE1F404C3B00C68EEB /* Release */,
			);
			defaultConfigurationIsVisible = 0;
			defaultConfigurationName = Release;
		};
/* End XCConfigurationList section */

/* Begin XCVersionGroup section */
		0E8B3BC61F2F2CA3001FFC73 /* iTourist.xcdatamodeld */ = {
			isa = XCVersionGroup;
			children = (
				0E8B3BC71F2F2CA3001FFC73 /* iTourist.xcdatamodel */,
			);
			currentVersion = 0E8B3BC71F2F2CA3001FFC73 /* iTourist.xcdatamodel */;
			path = iTourist.xcdatamodeld;
			sourceTree = "<group>";
			versionGroupType = wrapper.xcdatamodel;
		};
/* End XCVersionGroup section */
	};
	rootObject = 0E8B3BB41F2F2CA3001FFC73 /* Project object */;
}
